
Microsoft Visual Studio Solution File, Format Version 12.00
# Visual Studio Version 16
VisualStudioVersion = 16.0.30320.27
MinimumVisualStudioVersion = 10.0.40219.1
Project("{FAE04EC0-301F-11D3-BF4B-00C04F79EFBC}") = "QRCodeMaker", "QRCodeMaker\QRCodeMaker.csproj", "{D6956EE1-DEAF-45E9-AEF4-7CE160E5C129}"
EndProject
Project("{FAE04EC0-301F-11D3-BF4B-00C04F79EFBC}") = "QRCodeCommon", "QRCodeCommon\QRCodeCommon.csproj", "{82BCFFCC-8138-4D90-9B20-5296E947A197}"
EndProject
Global
	GlobalSection(SolutionConfigurationPlatforms) = preSolution
		Debug|Any CPU = Debug|Any CPU
		Release|Any CPU = Release|Any CPU
	EndGlobalSection
	GlobalSection(ProjectConfigurationPlatforms) = postSolution
		{D6956EE1-DEAF-45E9-AEF4-7CE160E5C129}.Debug|Any CPU.ActiveCfg = Debug|Any CPU
		{D6956EE1-DEAF-45E9-AEF4-7CE160E5C129}.Debug|Any CPU.Build.0 = Debug|Any CPU
		{D6956EE1-DEAF-45E9-AEF4-7CE160E5C129}.Release|Any CPU.ActiveCfg = Release|Any CPU
		{D6956EE1-DEAF-45E9-AEF4-7CE160E5C129}.Release|Any CPU.Build.0 = Release|Any CPU
		{82BCFFCC-8138-4D90-9B20-5296E947A197}.Debug|Any CPU.ActiveCfg = Debug|Any CPU
		{82BCFFCC-8138-4D90-9B20-5296E947A197}.Debug|Any CPU.Build.0 = Debug|Any CPU
		{82BCFFCC-8138-4D90-9B20-5296E947A197}.Release|Any CPU.ActiveCfg = Release|Any CPU
		{82BCFFCC-8138-4D90-9B20-5296E947A197}.Release|Any CPU.Build.0 = Release|Any CPU
	EndGlobalSection
	GlobalSection(SolutionProperties) = preSolution
		HideSolutionNode = FALSE
	EndGlobalSection
	GlobalSection(ExtensibilityGlobals) = postSolution
		SolutionGuid = {28952CC6-5C71-4D21-8341-EE1D0429F71E}
	EndGlobalSection
EndGlobal
